[[package]]
category = "dev"
description = "A small Python module for determining appropriate platform-specific dirs, e.g. a \"user data dir\"."
name = "appdirs"
optional = false
python-versions = "*"
version = "1.4.3"

[[package]]
category = "main"
description = "Disable App Nap on OS X 10.9"
marker = "sys_platform == \"darwin\""
name = "appnope"
optional = false
python-versions = "*"
version = "0.1.0"

[[package]]
category = "dev"
description = "An abstract syntax tree for Python with inference support."
name = "astroid"
optional = false
python-versions = ">=3.5.*"
version = "2.3.1"

[package.dependencies]
lazy-object-proxy = ">=1.4.0,<1.5.0"
six = "1.12"
wrapt = ">=1.11.0,<1.12.0"

[package.dependencies.typed-ast]
python = "<3.8"
version = ">=1.4.0,<1.5"

[[package]]
category = "dev"
description = "Atomic file writes."
name = "atomicwrites"
optional = false
python-versions = ">=2.7, !=3.0.*, !=3.1.*, !=3.2.*, !=3.3.*"
version = "1.3.0"

[[package]]
category = "dev"
description = "Classes Without Boilerplate"
name = "attrs"
optional = false
python-versions = ">=2.7, !=3.0.*, !=3.1.*, !=3.2.*, !=3.3.*"
version = "19.2.0"

[[package]]
category = "main"
description = "Specifications for callback functions passed in to an API"
name = "backcall"
optional = false
python-versions = "*"
version = "0.1.0"

[[package]]
category = "dev"
description = "The uncompromising code formatter."
name = "black"
optional = false
python-versions = ">=3.6"
version = "18.9b0"

[package.dependencies]
appdirs = "*"
attrs = ">=17.4.0"
click = ">=6.5"
toml = ">=0.9.4"

[[package]]
category = "main"
description = "Composable command line interface toolkit"
name = "click"
optional = false
python-versions = ">=2.7, !=3.0.*, !=3.1.*, !=3.2.*, !=3.3.*"
version = "7.0"

[[package]]
category = "main"
description = "Cross-platform colored terminal text."
marker = "sys_platform == \"win32\""
name = "colorama"
optional = false
python-versions = ">=2.7, !=3.0.*, !=3.1.*, !=3.2.*, !=3.3.*"
version = "0.4.1"

[[package]]
category = "dev"
description = "Code coverage measurement for Python"
name = "coverage"
optional = false
python-versions = ">=2.6, !=3.0.*, !=3.1.*, !=3.2.*, <4"
version = "4.5.4"

[[package]]
category = "main"
description = "Better living through Python with decorators"
name = "decorator"
optional = false
python-versions = ">=2.6, !=3.0.*, !=3.1.*"
version = "4.4.0"

[[package]]
category = "main"
description = "A simple framework for building complex web applications."
name = "flask"
optional = false
python-versions = ">=2.7, !=3.0.*, !=3.1.*, !=3.2.*, !=3.3.*, !=3.4.*"
version = "1.1.1"

[package.dependencies]
Jinja2 = ">=2.10.1"
Werkzeug = ">=0.15"
click = ">=5.1"
itsdangerous = ">=0.24"

[[package]]
category = "main"
description = "Adds server-side session support to your Flask application"
name = "flask-session"
optional = false
python-versions = "*"
version = "0.3.1"

[package.dependencies]
Flask = ">=0.8"

[[package]]
category = "dev"
description = "Lightweight in-process concurrent programming"
name = "greenlet"
optional = false
python-versions = "*"
version = "0.4.15"

[[package]]
category = "dev"
description = "Read metadata from Python packages"
marker = "python_version < \"3.8\""
name = "importlib-metadata"
optional = false
python-versions = ">=2.7,!=3.0,!=3.1,!=3.2,!=3.3"
version = "0.23"

[package.dependencies]
zipp = ">=0.5"

[[package]]
category = "main"
description = "IPython: Productive Interactive Computing"
name = "ipython"
optional = false
python-versions = ">=3.5"
version = "7.8.0"

[package.dependencies]
appnope = "*"
backcall = "*"
colorama = "*"
decorator = "*"
jedi = ">=0.10"
pexpect = "*"
pickleshare = "*"
prompt-toolkit = ">=2.0.0,<2.1.0"
pygments = "*"
setuptools = ">=18.5"
traitlets = ">=4.2"

[[package]]
category = "main"
description = "Vestigial utilities from IPython"
name = "ipython-genutils"
optional = false
python-versions = "*"
version = "0.2.0"

[[package]]
category = "dev"
description = "A Python utility / library to sort Python imports."
name = "isort"
optional = false
python-versions = ">=2.7, !=3.0.*, !=3.1.*, !=3.2.*, !=3.3.*"
version = "4.3.21"

[[package]]
category = "main"
description = "Various helpers to pass data to untrusted environments and back."
name = "itsdangerous"
optional = false
python-versions = ">=2.7, !=3.0.*, !=3.1.*, !=3.2.*, !=3.3.*"
version = "1.1.0"

[[package]]
category = "main"
description = "An autocompletion tool for Python that can be used for text editors."
name = "jedi"
optional = false
python-versions = ">=2.7, !=3.0.*, !=3.1.*, !=3.2.*, !=3.3.*"
version = "0.15.1"

[package.dependencies]
parso = ">=0.5.0"

[[package]]
category = "main"
description = "A very fast and expressive template engine."
name = "jinja2"
optional = false
python-versions = "*"
version = "2.10.3"

[package.dependencies]
MarkupSafe = ">=0.23"

[[package]]
category = "dev"
description = "A fast and thorough lazy object proxy."
name = "lazy-object-proxy"
optional = false
python-versions = ">=2.7, !=3.0.*, !=3.1.*, !=3.2.*, !=3.3.*"
version = "1.4.2"

[[package]]
category = "main"
description = "Safely add untrusted strings to HTML/XML markup."
name = "markupsafe"
optional = false
python-versions = ">=2.7,!=3.0.*,!=3.1.*,!=3.2.*,!=3.3.*"
version = "1.1.1"

[[package]]
category = "dev"
description = "McCabe checker, plugin for flake8"
name = "mccabe"
optional = false
python-versions = "*"
version = "0.6.1"

[[package]]
category = "dev"
description = "Rolling backport of unittest.mock for all Pythons"
name = "mock"
optional = false
python-versions = ">=2.7, !=3.0.*, !=3.1.*, !=3.2.*, !=3.3.*"
version = "3.0.5"

[package.dependencies]
six = "*"

[[package]]
category = "dev"
description = "More routines for operating on iterables, beyond itertools"
name = "more-itertools"
optional = false
python-versions = ">=3.4"
version = "7.2.0"

[[package]]
category = "dev"
description = "MessagePack (de)serializer."
name = "msgpack"
optional = false
python-versions = "*"
version = "0.6.2"

[[package]]
category = "main"
description = "MySQL driver written in Python"
name = "mysql-connector"
optional = false
python-versions = "*"
version = "2.2.9"

[[package]]
category = "dev"
description = "Core utilities for Python packages"
name = "packaging"
optional = false
python-versions = ">=2.7, !=3.0.*, !=3.1.*, !=3.2.*, !=3.3.*"
version = "19.2"

[package.dependencies]
pyparsing = ">=2.0.2"
six = "*"

[[package]]
category = "main"
description = "A Python Parser"
name = "parso"
optional = false
python-versions = "*"
version = "0.5.1"

[[package]]
category = "main"
description = "a little orm"
name = "peewee"
optional = false
python-versions = "*"
version = "3.11.2"

[[package]]
category = "main"
description = "Pexpect allows easy control of interactive console applications."
marker = "sys_platform != \"win32\""
name = "pexpect"
optional = false
python-versions = "*"
version = "4.7.0"

[package.dependencies]
ptyprocess = ">=0.5"

[[package]]
category = "main"
description = "Tiny 'shelve'-like database with concurrency support"
name = "pickleshare"
optional = false
python-versions = "*"
version = "0.7.5"

[[package]]
category = "dev"
description = "plugin and hook calling mechanisms for python"
name = "pluggy"
optional = false
python-versions = ">=2.7, !=3.0.*, !=3.1.*, !=3.2.*, !=3.3.*"
version = "0.13.0"

[package.dependencies]
[package.dependencies.importlib-metadata]
python = "<3.8"
version = ">=0.12"

[[package]]
category = "main"
description = "Library for building powerful interactive command lines in Python"
name = "prompt-toolkit"
optional = false
python-versions = ">=2.6, !=3.0.*, !=3.1.*, !=3.2.*"
version = "2.0.10"

[package.dependencies]
six = ">=1.9.0"
wcwidth = "*"

[[package]]
category = "main"
description = "Run a subprocess in a pseudo terminal"
marker = "sys_platform != \"win32\""
name = "ptyprocess"
optional = false
python-versions = "*"
version = "0.6.0"

[[package]]
category = "dev"
description = "library with cross-python path, ini-parsing, io, code, log facilities"
name = "py"
optional = false
python-versions = ">=2.7, !=3.0.*, !=3.1.*, !=3.2.*, !=3.3.*"
version = "1.8.0"

[[package]]
category = "main"
description = "Pygments is a syntax highlighting package written in Python."
name = "pygments"
optional = false
python-versions = ">=2.7, !=3.0.*, !=3.1.*, !=3.2.*, !=3.3.*, !=3.4.*"
version = "2.4.2"

[[package]]
category = "dev"
description = "python code static checker"
name = "pylint"
optional = false
python-versions = ">=3.5.*"
version = "2.4.2"

[package.dependencies]
astroid = ">=2.3.0,<2.4"
colorama = "*"
isort = ">=4.2.5,<5"
mccabe = ">=0.6,<0.7"

[[package]]
category = "main"
description = "Pure Python MySQL Driver"
name = "pymysql"
optional = false
python-versions = "*"
version = "0.9.3"

[[package]]
category = "dev"
description = "Python client to neovim"
name = "pynvim"
optional = false
python-versions = "*"
version = "0.3.2"

[package.dependencies]
greenlet = "*"
msgpack = ">=0.5.0"

[[package]]
category = "dev"
description = "Python parsing module"
name = "pyparsing"
optional = false
python-versions = ">=2.6, !=3.0.*, !=3.1.*, !=3.2.*"
version = "2.4.2"

[[package]]
category = "dev"
description = "pytest: simple powerful testing with Python"
name = "pytest"
optional = false
python-versions = ">=3.5"
version = "5.2.1"

[package.dependencies]
atomicwrites = ">=1.0"
attrs = ">=17.4.0"
colorama = "*"
more-itertools = ">=4.0.0"
packaging = "*"
pluggy = ">=0.12,<1.0"
py = ">=1.5.0"
wcwidth = "*"

[package.dependencies.importlib-metadata]
python = "<3.8"
version = ">=0.12"

[[package]]
category = "main"
description = "YAML parser and emitter for Python"
name = "pyyaml"
optional = false
python-versions = ">=2.7, !=3.0.*, !=3.1.*, !=3.2.*, !=3.3.*"
version = "5.1.2"

[[package]]
category = "main"
description = "Python 2 and 3 compatibility utilities"
name = "six"
optional = false
python-versions = ">=2.6, !=3.0.*, !=3.1.*"
version = "1.12.0"

[[package]]
category = "dev"
description = "Python Library for Tom's Obvious, Minimal Language"
name = "toml"
optional = false
python-versions = "*"
version = "0.10.0"

[[package]]
category = "main"
description = "Traitlets Python config system"
name = "traitlets"
optional = false
python-versions = "*"
version = "4.3.3"

[package.dependencies]
decorator = "*"
ipython-genutils = "*"
six = "*"

[[package]]
category = "dev"
description = "a fork of Python 2 and 3 ast modules with type comment support"
marker = "implementation_name == \"cpython\" and python_version < \"3.8\""
name = "typed-ast"
optional = false
python-versions = "*"
version = "1.4.0"

[[package]]
category = "main"
description = "The uWSGI server"
name = "uwsgi"
optional = false
python-versions = "*"
version = "2.0.18"

[[package]]
category = "main"
description = "Measures number of Terminal column cells of wide-character codes"
name = "wcwidth"
optional = false
python-versions = "*"
version = "0.1.7"

[[package]]
category = "main"
description = "The comprehensive WSGI web application library."
name = "werkzeug"
optional = false
python-versions = ">=2.7, !=3.0.*, !=3.1.*, !=3.2.*, !=3.3.*"
version = "0.16.0"

[[package]]
category = "dev"
description = "Module for decorators, wrappers and monkey patching."
name = "wrapt"
optional = false
python-versions = "*"
version = "1.11.2"

[[package]]
category = "dev"
description = "Backport of pathlib-compatible object wrapper for zip files"
marker = "python_version < \"3.8\""
name = "zipp"
optional = false
python-versions = ">=2.7"
version = "0.6.0"

[package.dependencies]
more-itertools = "*"

[metadata]
content-hash = "25a2ef3d97ee19823733ed06354a5ceabb6c7fc70a05a55ade100b2e448171a5"
python-versions = "^3.7"

[metadata.hashes]
appdirs = ["9e5896d1372858f8dd3344faf4e5014d21849c756c8d5701f78f8a103b372d92", "d8b24664561d0d34ddfaec54636d502d7cea6e29c3eaf68f3df6180863e2166e"]
appnope = ["5b26757dc6f79a3b7dc9fab95359328d5747fcb2409d331ea66d0272b90ab2a0", "8b995ffe925347a2138d7ac0fe77155e4311a0ea6d6da4f5128fe4b3cbe5ed71"]
astroid = ["98c665ad84d10b18318c5ab7c3d203fe11714cbad2a4aef4f44651f415392754", "b7546ffdedbf7abcfbff93cd1de9e9980b1ef744852689decc5aeada324238c6"]
atomicwrites = ["03472c30eb2c5d1ba9227e4c2ca66ab8287fbfbbda3888aa93dc2e28fc6811b4", "75a9445bac02d8d058d5e1fe689654ba5a6556a1dfd8ce6ec55a0ed79866cfa6"]
attrs = ["ec20e7a4825331c1b5ebf261d111e16fa9612c1f7a5e1f884f12bd53a664dfd2", "f913492e1663d3c36f502e5e9ba6cd13cf19d7fab50aa13239e420fef95e1396"]
backcall = ["38ecd85be2c1e78f77fd91700c76e14667dc21e2713b63876c0eb901196e01e4", "bbbf4b1e5cd2bdb08f915895b51081c041bac22394fdfcfdfbe9f14b77c08bf2"]
black = ["817243426042db1d36617910df579a54f1afd659adb96fc5032fcf4b36209739", "e030a9a28f542debc08acceb273f228ac422798e5215ba2a791a6ddeaaca22a5"]
click = ["2335065e6395b9e67ca716de5f7526736bfa6ceead690adf616d925bdc622b13", "5b94b49521f6456670fdb30cd82a4eca9412788a93fa6dd6df72c94d5a8ff2d7"]
colorama = ["05eed71e2e327246ad6b38c540c4a3117230b19679b875190486ddd2d721422d", "f8ac84de7840f5b9c4e3347b3c1eaa50f7e49c2b07596221daec5edaabbd7c48"]
coverage = ["08907593569fe59baca0bf152c43f3863201efb6113ecb38ce7e97ce339805a6", "0be0f1ed45fc0c185cfd4ecc19a1d6532d72f86a2bac9de7e24541febad72650", "141f08ed3c4b1847015e2cd62ec06d35e67a3ac185c26f7635f4406b90afa9c5", "19e4df788a0581238e9390c85a7a09af39c7b539b29f25c89209e6c3e371270d", "23cc09ed395b03424d1ae30dcc292615c1372bfba7141eb85e11e50efaa6b351", "245388cda02af78276b479f299bbf3783ef0a6a6273037d7c60dc73b8d8d7755", "331cb5115673a20fb131dadd22f5bcaf7677ef758741312bee4937d71a14b2ef", "386e2e4090f0bc5df274e720105c342263423e77ee8826002dcffe0c9533dbca", "3a794ce50daee01c74a494919d5ebdc23d58873747fa0e288318728533a3e1ca", "60851187677b24c6085248f0a0b9b98d49cba7ecc7ec60ba6b9d2e5574ac1ee9", "63a9a5fc43b58735f65ed63d2cf43508f462dc49857da70b8980ad78d41d52fc", "6b62544bb68106e3f00b21c8930e83e584fdca005d4fffd29bb39fb3ffa03cb5", "6ba744056423ef8d450cf627289166da65903885272055fb4b5e113137cfa14f", "7494b0b0274c5072bddbfd5b4a6c6f18fbbe1ab1d22a41e99cd2d00c8f96ecfe", "826f32b9547c8091679ff292a82aca9c7b9650f9fda3e2ca6bf2ac905b7ce888", "93715dffbcd0678057f947f496484e906bf9509f5c1c38fc9ba3922893cda5f5", "9a334d6c83dfeadae576b4d633a71620d40d1c379129d587faa42ee3e2a85cce", "af7ed8a8aa6957aac47b4268631fa1df984643f07ef00acd374e456364b373f5", "bf0a7aed7f5521c7ca67febd57db473af4762b9622254291fbcbb8cd0ba5e33e", "bf1ef9eb901113a9805287e090452c05547578eaab1b62e4ad456fcc049a9b7e", "c0afd27bc0e307a1ffc04ca5ec010a290e49e3afbe841c5cafc5c5a80ecd81c9", "dd579709a87092c6dbee09d1b7cfa81831040705ffa12a1b248935274aee0437", "df6712284b2e44a065097846488f66840445eb987eb81b3cc6e4149e7b6982e1", "e07d9f1a23e9e93ab5c62902833bf3e4b1f65502927379148b6622686223125c", "e2ede7c1d45e65e209d6093b762e98e8318ddeff95317d07a27a2140b80cfd24", "e4ef9c164eb55123c62411f5936b5c2e521b12356037b6e1c2617cef45523d47", "eca2b7343524e7ba246cab8ff00cab47a2d6d54ada3b02772e908a45675722e2", "eee64c616adeff7db37cc37da4180a3a5b6177f5c46b187894e633f088fb5b28", "ef824cad1f980d27f26166f86856efe11eff9912c4fed97d3804820d43fa550c", "efc89291bd5a08855829a3c522df16d856455297cf35ae827a37edac45f466a7", "fa964bae817babece5aa2e8c1af841bebb6d0b9add8e637548809d040443fee0", "ff37757e068ae606659c28c3bd0d923f9d29a85de79bf25b2b34b148473b5025"]
decorator = ["86156361c50488b84a3f148056ea716ca587df2f0de1d34750d35c21312725de", "f069f3a01830ca754ba5258fde2278454a0b5b79e0d7f5c13b3b97e57d4acff6"]
flask = ["13f9f196f330c7c2c5d7a5cf91af894110ca0215ac051b5844701f2bfd934d52", "45eb5a6fd193d6cf7e0cf5d8a5b31f83d5faae0293695626f539a823e93b13f6"]
flask-session = ["a31c27e0c3287f00c825b3d9625aba585f4df4cccedb1e7dd5a69a215881a731", "b9b32126bfc52c3169089f2ed9a40e34b589527bda48b633428e07d39d9c8792"]
greenlet = ["000546ad01e6389e98626c1367be58efa613fa82a1be98b0c6fc24b563acc6d0", "0d48200bc50cbf498716712129eef819b1729339e34c3ae71656964dac907c28", "23d12eacffa9d0f290c0fe0c4e81ba6d5f3a5b7ac3c30a5eaf0126bf4deda5c8", "37c9ba82bd82eb6a23c2e5acc03055c0e45697253b2393c9a50cef76a3985304", "51503524dd6f152ab4ad1fbd168fc6c30b5795e8c70be4410a64940b3abb55c0", "8041e2de00e745c0e05a502d6e6db310db7faa7c979b3a5877123548a4c0b214", "81fcd96a275209ef117e9ec91f75c731fa18dcfd9ffaa1c0adbdaa3616a86043", "853da4f9563d982e4121fed8c92eea1a4594a2299037b3034c3c898cb8e933d6", "8b4572c334593d449113f9dc8d19b93b7b271bdbe90ba7509eb178923327b625", "9416443e219356e3c31f1f918a91badf2e37acf297e2fa13d24d1cc2380f8fbc", "9854f612e1b59ec66804931df5add3b2d5ef0067748ea29dc60f0efdcda9a638", "99a26afdb82ea83a265137a398f570402aa1f2b5dfb4ac3300c026931817b163", "a19bf883b3384957e4a4a13e6bd1ae3d85ae87f4beb5957e35b0be287f12f4e4", "a9f145660588187ff835c55a7d2ddf6abfc570c2651c276d3d4be8a2766db490", "ac57fcdcfb0b73bb3203b58a14501abb7e5ff9ea5e2edfa06bb03035f0cff248", "bcb530089ff24f6458a81ac3fa699e8c00194208a724b644ecc68422e1111939", "beeabe25c3b704f7d56b573f7d2ff88fc99f0138e43480cecdfcaa3b87fe4f87", "d634a7ea1fc3380ff96f9e44d8d22f38418c1c381d5fac680b272d7d90883720", "d97b0661e1aead761f0ded3b769044bb00ed5d33e1ec865e891a8b128bf7c656"]
importlib-metadata = ["aa18d7378b00b40847790e7c27e11673d7fed219354109d0e7b9e5b25dc3ad26", "d5f18a79777f3aa179c145737780282e27b508fc8fd688cb17c7a813e8bd39af"]
ipython = ["c4ab005921641e40a68e405e286e7a1fcc464497e14d81b6914b4fd95e5dee9b", "dd76831f065f17bddd7eaa5c781f5ea32de5ef217592cf019e34043b56895aa1"]
ipython-genutils = ["72dd37233799e619666c9f639a9da83c34013a73e8bbc79a7a6348d93c61fab8", "eb2e116e75ecef9d4d228fdc66af54269afa26ab4463042e33785b887c628ba8"]
isort = ["54da7e92468955c4fceacd0c86bd0ec997b0e1ee80d97f67c35a78b719dccab1", "6e811fcb295968434526407adb8796944f1988c5b65e8139058f2014cbe100fd"]
itsdangerous = ["321b033d07f2a4136d3ec762eac9f16a10ccd60f53c0c91af90217ace7ba1f19", "b12271b2047cb23eeb98c8b5622e2e5c5e9abd9784a153e9d8ef9cb4dd09d749"]
jedi = ["786b6c3d80e2f06fd77162a07fed81b8baa22dde5d62896a790a331d6ac21a27", "ba859c74fa3c966a22f2aeebe1b74ee27e2a462f56d3f5f7ca4a59af61bfe42e"]
jinja2 = ["74320bb91f31270f9551d46522e33af46a80c3d619f4a4bf42b3164d30b5911f", "9fe95f19286cfefaa917656583d020be14e7859c6b0252588391e47db34527de"]
lazy-object-proxy = ["02b260c8deb80db09325b99edf62ae344ce9bc64d68b7a634410b8e9a568edbf", "18f9c401083a4ba6e162355873f906315332ea7035803d0fd8166051e3d402e3", "1f2c6209a8917c525c1e2b55a716135ca4658a3042b5122d4e3413a4030c26ce", "2f06d97f0ca0f414f6b707c974aaf8829c2292c1c497642f63824119d770226f", "616c94f8176808f4018b39f9638080ed86f96b55370b5a9463b2ee5c926f6c5f", "63b91e30ef47ef68a30f0c3c278fbfe9822319c15f34b7538a829515b84ca2a0", "77b454f03860b844f758c5d5c6e5f18d27de899a3db367f4af06bec2e6013a8e", "83fe27ba321e4cfac466178606147d3c0aa18e8087507caec78ed5a966a64905", "84742532d39f72df959d237912344d8a1764c2d03fe58beba96a87bfa11a76d8", "874ebf3caaf55a020aeb08acead813baf5a305927a71ce88c9377970fe7ad3c2", "9f5caf2c7436d44f3cec97c2fa7791f8a675170badbfa86e1992ca1b84c37009", "a0c8758d01fcdfe7ae8e4b4017b13552efa7f1197dd7358dc9da0576f9d0328a", "a4def978d9d28cda2d960c279318d46b327632686d82b4917516c36d4c274512", "ad4f4be843dace866af5fc142509e9b9817ca0c59342fdb176ab6ad552c927f5", "ae33dd198f772f714420c5ab698ff05ff900150486c648d29951e9c70694338e", "b4a2b782b8a8c5522ad35c93e04d60e2ba7f7dcb9271ec8e8c3e08239be6c7b4", "c462eb33f6abca3b34cdedbe84d761f31a60b814e173b98ede3c81bb48967c4f", "fd135b8d35dfdcdb984828c84d695937e58cc5f49e1c854eb311c4d6aa03f4f1"]
markupsafe = ["00bc623926325b26bb9605ae9eae8a215691f33cae5df11ca5424f06f2d1f473", "09027a7803a62ca78792ad89403b1b7a73a01c8cb65909cd876f7fcebd79b161", "09c4b7f37d6c648cb13f9230d847adf22f8171b1ccc4d5682398e77f40309235", "1027c282dad077d0bae18be6794e6b6b8c91d58ed8a8d89a89d59693b9131db5", "24982cc2533820871eba85ba648cd53d8623687ff11cbb805be4ff7b4c971aff", "29872e92839765e546828bb7754a68c418d927cd064fd4708fab9fe9c8bb116b", "43a55c2930bbc139570ac2452adf3d70cdbb3cfe5912c71cdce1c2c6bbd9c5d1", "46c99d2de99945ec5cb54f23c8cd5689f6d7177305ebff350a58ce5f8de1669e", "500d4957e52ddc3351cabf489e79c91c17f6e0899158447047588650b5e69183", "535f6fc4d397c1563d08b88e485c3496cf5784e927af890fb3c3aac7f933ec66", "62fe6c95e3ec8a7fad637b7f3d372c15ec1caa01ab47926cfdf7a75b40e0eac1", "6dd73240d2af64df90aa7c4e7481e23825ea70af4b4922f8ede5b9e35f78a3b1", "717ba8fe3ae9cc0006d7c451f0bb265ee07739daf76355d06366154ee68d221e", "79855e1c5b8da654cf486b830bd42c06e8780cea587384cf6545b7d9ac013a0b", "7c1699dfe0cf8ff607dbdcc1e9b9af1755371f92a68f706051cc8c37d447c905", "88e5fcfb52ee7b911e8bb6d6aa2fd21fbecc674eadd44118a9cc3863f938e735", "8defac2f2ccd6805ebf65f5eeb132adcf2ab57aa11fdf4c0dd5169a004710e7d", "98c7086708b163d425c67c7a91bad6e466bb99d797aa64f965e9d25c12111a5e", "9add70b36c5666a2ed02b43b335fe19002ee5235efd4b8a89bfcf9005bebac0d", "9bf40443012702a1d2070043cb6291650a0841ece432556f784f004937f0f32c", "ade5e387d2ad0d7ebf59146cc00c8044acbd863725f887353a10df825fc8ae21", "b00c1de48212e4cc9603895652c5c410df699856a2853135b3967591e4beebc2", "b1282f8c00509d99fef04d8ba936b156d419be841854fe901d8ae224c59f0be5", "b2051432115498d3562c084a49bba65d97cf251f5a331c64a12ee7e04dacc51b", "ba59edeaa2fc6114428f1637ffff42da1e311e29382d81b339c1817d37ec93c6", "c8716a48d94b06bb3b2524c2b77e055fb313aeb4ea620c8dd03a105574ba704f", "cd5df75523866410809ca100dc9681e301e3c27567cf498077e8551b6d20e42f", "e249096428b3ae81b08327a63a485ad0878de3fb939049038579ac0ef61e17e7"]
mccabe = ["ab8a6258860da4b6677da4bd2fe5dc2c659cff31b3ee4f7f5d64e79735b80d42", "dd8d182285a0fe56bace7f45b5e7d1a6ebcbf524e8f3bd87eb0f125271b8831f"]
mock = ["83657d894c90d5681d62155c82bda9c1187827525880eda8ff5df4ec813437c3", "d157e52d4e5b938c550f39eb2fd15610db062441a9c2747d3dbfa9298211d0f8"]
more-itertools = ["409cd48d4db7052af495b09dec721011634af3753ae1ef92d2b32f73a745f832", "92b8c4b06dac4f0611c0729b2f2ede52b2e1bac1ab48f089c7ddc12e26bb60c4"]
msgpack = ["0cc7ca04e575ba34fea7cfcd76039f55def570e6950e4155a4174368142c8e1b", "187794cd1eb73acccd528247e3565f6760bd842d7dc299241f830024a7dd5610", "1904b7cb65342d0998b75908304a03cb004c63ef31e16c8c43fee6b989d7f0d7", "229a0ccdc39e9b6c6d1033cd8aecd9c296823b6c87f0de3943c59b8bc7c64bee", "24149a75643aeaa81ece4259084d11b792308a6cf74e796cbb35def94c89a25a", "30b88c47e0cdb6062daed88ca283b0d84fa0d2ad6c273aa0788152a1c643e408", "32fea0ea3cd1ef820286863a6202dcfd62a539b8ec3edcbdff76068a8c2cc6ce", "355f7fd0f90134229eaeefaee3cf42e0afc8518e8f3cd4b25f541a7104dcb8f9", "4abdb88a9b67e64810fb54b0c24a1fd76b12297b4f7a1467d85a14dd8367191a", "757bd71a9b89e4f1db0622af4436d403e742506dbea978eba566815dc65ec895", "76df51492bc6fa6cc8b65d09efdb67cbba3cbfe55004c3afc81352af92b4a43c", "774f5edc3475917cd95fe593e625d23d8580f9b48b570d8853d06cac171cd170", "8a3ada8401736df2bf497f65589293a86c56e197a80ae7634ec2c3150a2f5082", "a06efd0482a1942aad209a6c18321b5e22d64eb531ea20af138b28172d8f35ba", "b24afc52e18dccc8c175de07c1d680bdf315844566f4952b5bedb908894bec79", "b8b4bd3dafc7b92608ae5462add1c8cc881851c2d4f5d8977fdea5b081d17f21", "c6e5024fc0cdf7f83b6624850309ddd7e06c48a75fa0d1c5173de4d93300eb19", "db7ff14abc73577b0bcbcf73ecff97d3580ecaa0fc8724babce21fdf3fe08ef6", "dedf54d72d9e7b6d043c244c8213fe2b8bbfe66874b9a65b39c4cc892dd99dd4", "ea3c2f859346fcd55fc46e96885301d9c2f7a36d453f5d8f2967840efa1e1830", "f0f47bafe9c9b8ed03e19a100a743662dd8c6d0135e684feea720a0d0046d116"]
mysql-connector = ["1733e6ce52a049243de3264f1fbc22a852cb35458c4ad739ba88189285efdf32"]
packaging = ["28b924174df7a2fa32c1953825ff29c61e2f5e082343165438812f00d3a7fc47", "d9551545c6d761f3def1677baf08ab2a3ca17c56879e70fecba2fc4dde4ed108"]
parso = ["63854233e1fadb5da97f2744b6b24346d2750b85965e7e399bec1620232797dc", "666b0ee4a7a1220f65d367617f2cd3ffddff3e205f3f16a0284df30e774c2a9c"]
peewee = ["f3f5c80c51b632d031f60454accadd84f166453a471bff63093ca674973f2a4e"]
pexpect = ["2094eefdfcf37a1fdbfb9aa090862c1a4878e5c7e0e7e7088bdb511c558e5cd1", "9e2c1fd0e6ee3a49b28f95d4b33bc389c89b20af6a1255906e90ff1262ce62eb"]
pickleshare = ["87683d47965c1da65cdacaf31c8441d12b8044cdec9aca500cd78fc2c683afca", "9649af414d74d4df115d5d718f82acb59c9d418196b7b4290ed47a12ce62df56"]
pluggy = ["0db4b7601aae1d35b4a033282da476845aa19185c1e6964b25cf324b5e4ec3e6", "fa5fa1622fa6dd5c030e9cad086fa19ef6a0cf6d7a2d12318e10cb49d6d68f34"]
prompt-toolkit = ["46642344ce457641f28fc9d1c9ca939b63dadf8df128b86f1b9860e59c73a5e4", "e7f8af9e3d70f514373bf41aa51bc33af12a6db3f71461ea47fea985defb2c31", "f15af68f66e664eaa559d4ac8a928111eebd5feda0c11738b5998045224829db"]
ptyprocess = ["923f299cc5ad920c68f2bc0bc98b75b9f838b93b599941a6b63ddbc2476394c0", "d7cc528d76e76342423ca640335bd3633420dc1366f258cb31d05e865ef5ca1f"]
py = ["64f65755aee5b381cea27766a3a147c3f15b9b6b9ac88676de66ba2ae36793fa", "dc639b046a6e2cff5bbe40194ad65936d6ba360b52b3c3fe1d08a82dd50b5e53"]
pygments = ["71e430bc85c88a430f000ac1d9b331d2407f681d6f6aec95e8bcfbc3df5b0127", "881c4c157e45f30af185c1ffe8d549d48ac9127433f2c380c24b84572ad66297"]
pylint = ["7edbae11476c2182708063ac387a8f97c760d9cfe36a5ede0ca996f90cf346c8", "844ce067788028c1a35086a5c66bc5e599ddd851841c41d6ee1623b36774d9f2"]
pymysql = ["3943fbbbc1e902f41daf7f9165519f140c4451c179380677e6a848587042561a", "d8c059dcd81dedb85a9f034d5e22dcb4442c0b201908bede99e306d65ea7c8e7"]
pynvim = ["cf6490c4e586c9da01a32f3e0ae21c61342d7ea171e06025bda210bdc95cbe05"]
pyparsing = ["6f98a7b9397e206d78cc01df10131398f1c8b8510a2f4d97d9abd82e1aacdd80", "d9338df12903bbf5d65a0e4e87c2161968b10d2e489652bb47001d82a9b028b4"]
pytest = ["7e4800063ccfc306a53c461442526c5571e1462f61583506ce97e4da6a1d88c8", "ca563435f4941d0cb34767301c27bc65c510cb82e90b9ecf9cb52dc2c63caaa0"]
pyyaml = ["0113bc0ec2ad727182326b61326afa3d1d8280ae1122493553fd6f4397f33df9", "01adf0b6c6f61bd11af6e10ca52b7d4057dd0be0343eb9283c878cf3af56aee4", "5124373960b0b3f4aa7df1707e63e9f109b5263eca5976c66e08b1c552d4eaf8", "5ca4f10adbddae56d824b2c09668e91219bb178a1eee1faa56af6f99f11bf696", "7907be34ffa3c5a32b60b95f4d95ea25361c951383a894fec31be7252b2b6f34", "7ec9b2a4ed5cad025c2278a1e6a19c011c80a3caaac804fd2d329e9cc2c287c9", "87ae4c829bb25b9fe99cf71fbb2140c448f534e24c998cc60f39ae4f94396a73", "9de9919becc9cc2ff03637872a440195ac4241c80536632fffeb6a1e25a74299", "a5a85b10e450c66b49f98846937e8cfca1db3127a9d5d1e31ca45c3d0bef4c5b", "b0997827b4f6a7c286c01c5f60384d218dca4ed7d9efa945c3e1aa623d5709ae", "b631ef96d3222e62861443cc89d6563ba3eeb816eeb96b2629345ab795e53681", "bf47c0607522fdbca6c9e817a6e81b08491de50f3766a7a0e6a5be7905961b41", "f81025eddd0327c7d4cfe9b62cf33190e1e736cc6e97502b3ec425f574b3e7a8"]
six = ["3350809f0555b11f552448330d0b52d5f24c91a322ea4a15ef22629740f3761c", "d16a0141ec1a18405cd4ce8b4613101da75da0e9a7aec5bdd4fa804d0e0eba73"]
toml = ["229f81c57791a41d65e399fc06bf0848bab550a9dfd5ed66df18ce5f05e73d5c", "235682dd292d5899d361a811df37e04a8828a5b1da3115886b73cf81ebc9100e", "f1db651f9657708513243e61e6cc67d101a39bad662eaa9b5546f789338e07a3"]
traitlets = ["70b4c6a1d9019d7b4f6846832288f86998aa3b9207c6821f3578a6a6a467fe44", "d023ee369ddd2763310e4c3eae1ff649689440d4ae59d7485eb4cfbbe3e359f7"]
typed-ast = ["18511a0b3e7922276346bcb47e2ef9f38fb90fd31cb9223eed42c85d1312344e", "262c247a82d005e43b5b7f69aff746370538e176131c32dda9cb0f324d27141e", "2b907eb046d049bcd9892e3076c7a6456c93a25bebfe554e931620c90e6a25b0", "354c16e5babd09f5cb0ee000d54cfa38401d8b8891eefa878ac772f827181a3c", "4e0b70c6fc4d010f8107726af5fd37921b666f5b31d9331f0bd24ad9a088e631", "630968c5cdee51a11c05a30453f8cd65e0cc1d2ad0d9192819df9978984529f4", "66480f95b8167c9c5c5c87f32cf437d585937970f3fc24386f313a4c97b44e34", "71211d26ffd12d63a83e079ff258ac9d56a1376a25bc80b1cdcdf601b855b90b", "95bd11af7eafc16e829af2d3df510cecfd4387f6453355188342c3e79a2ec87a", "bc6c7d3fa1325a0c6613512a093bc2a2a15aeec350451cbdf9e1d4bffe3e3233", "cc34a6f5b426748a507dd5d1de4c1978f2eb5626d51326e43280941206c209e1", "d755f03c1e4a51e9b24d899561fec4ccaf51f210d52abdf8c07ee2849b212a36", "d7c45933b1bdfaf9f36c579671fec15d25b06c8398f113dab64c18ed1adda01d", "d896919306dd0aa22d0132f62a1b78d11aaf4c9fc5b3410d3c666b818191630a", "ffde2fbfad571af120fcbfbbc61c72469e72f550d676c3342492a9dfdefb8f12"]
uwsgi = ["4972ac538800fb2d421027f49b4a1869b66048839507ccf0aa2fda792d99f583"]
wcwidth = ["3df37372226d6e63e1b1e1eda15c594bca98a22d33a23832a90998faa96bc65e", "f4ebe71925af7b40a864553f761ed559b43544f8f71746c2d756c7fe788ade7c"]
werkzeug = ["7280924747b5733b246fe23972186c6b348f9ae29724135a6dfc1e53cea433e7", "e5f4a1f98b52b18a93da705a7458e55afb26f32bff83ff5d19189f92462d65c4"]
wrapt = ["565a021fd19419476b9362b05eeaa094178de64f8361e44468f9e9d7843901e1"]
zipp = ["3718b1cbcd963c7d4c5511a8240812904164b7f381b647143a89d3b98f9bcd8e", "f06903e9f1f43b12d371004b4ac7b06ab39a44adc747266928ae6debfa7b3335"]
